
Microsoft Visual Studio Solution File, Format Version 12.00
# Visual Studio Version 16
VisualStudioVersion = 16.0.32002.261
MinimumVisualStudioVersion = 10.0.40219.1
Project("{FAE04EC0-301F-11D3-BF4B-00C04F79EFBC}") = "WebApplication5", "WebApplication2\WebApplication5.csproj", "{009CD350-873E-4AA1-BFE4-AEB3F87FABC3}"
EndProject
Global
	GlobalSection(SolutionConfigurationPlatforms) = preSolution
		Debug|Any CPU = Debug|Any CPU
		Release|Any CPU = Release|Any CPU
	EndGlobalSection
	GlobalSection(ProjectConfigurationPlatforms) = postSolution
		{009CD350-873E-4AA1-BFE4-AEB3F87FABC3}.Debug|Any CPU.ActiveCfg = Debug|Any CPU
		{009CD350-873E-4AA1-BFE4-AEB3F87FABC3}.Debug|Any CPU.Build.0 = Debug|Any CPU
		{009CD350-873E-4AA1-BFE4-AEB3F87FABC3}.Release|Any CPU.ActiveCfg = Release|Any CPU
		{009CD350-873E-4AA1-BFE4-AEB3F87FABC3}.Release|Any CPU.Build.0 = Release|Any CPU
	EndGlobalSection
	GlobalSection(SolutionProperties) = preSolution
		HideSolutionNode = FALSE
	EndGlobalSection
	GlobalSection(ExtensibilityGlobals) = postSolution
		SolutionGuid = {1F86C8F0-A9A6-4D07-9AED-5DFA5BDDECF4}
	EndGlobalSection
EndGlobal
